// !$*UTF8*$!
{
	archiveVersion = 1;
	classes = {
	};
	objectVersion = 50;
	objects = {

/* Begin PBXBuildFile section */
		7444D9CD224041BB006E1638 /* Assets.xcassets in Resources */ = {isa = PBXBuildFile; fileRef = 7444D9C4224041BA006E1638 /* Assets.xcassets */; };
		7444D9CF224041BB006E1638 /* GoogleService-Info.plist in Resources */ = {isa = PBXBuildFile; fileRef = 7444D9C6224041BA006E1638 /* GoogleService-Info.plist */; };
		7444D9D0224041BB006E1638 /* AppDelegate.swift in Sources */ = {isa = PBXBuildFile; fileRef = 7444D9C7224041BA006E1638 /* AppDelegate.swift */; };
		7444D9D1224041BB006E1638 /* LogInRMVC.swift in Sources */ = {isa = PBXBuildFile; fileRef = 7444D9C8224041BA006E1638 /* LogInRMVC.swift */; };
		7444D9D2224041BB006E1638 /* RegisterRMVCViewController.swift in Sources */ = {isa = PBXBuildFile; fileRef = 7444D9C9224041BA006E1638 /* RegisterRMVCViewController.swift */; };
		7444D9D3224041BB006E1638 /* LogMessage.swift in Sources */ = {isa = PBXBuildFile; fileRef = 7444D9CA224041BB006E1638 /* LogMessage.swift */; };
		7444D9D4224041BB006E1638 /* Info.plist in Resources */ = {isa = PBXBuildFile; fileRef = 7444D9CB224041BB006E1638 /* Info.plist */; };
		7444D9D5224041BB006E1638 /* LogOutRMVC.swift in Sources */ = {isa = PBXBuildFile; fileRef = 7444D9CC224041BB006E1638 /* LogOutRMVC.swift */; };
		7444D9D822404522006E1638 /* Main.storyboard in Resources */ = {isa = PBXBuildFile; fileRef = 7444D9D7224044B6006E1638 /* Main.storyboard */; };
		7444D9D922404529006E1638 /* LaunchScreen.storyboard in Resources */ = {isa = PBXBuildFile; fileRef = 7444D9D6224044B3006E1638 /* LaunchScreen.storyboard */; };
		E09974D0EF197405D67DC69D /* Pods_Risk_Management_Tool.framework in Frameworks */ = {isa = PBXBuildFile; fileRef = 1338F2D2861A87E4FD6C99BC /* Pods_Risk_Management_Tool.framework */; };
/* End PBXBuildFile section */

/* Begin PBXFileReference section */
		1338F2D2861A87E4FD6C99BC /* Pods_Risk_Management_Tool.framework */ = {isa = PBXFileReference; explicitFileType = wrapper.framework; includeInIndex = 0; path = Pods_Risk_Management_Tool.framework; sourceTree = BUILT_PRODUCTS_DIR; };
		7444D9C4224041BA006E1638 /* Assets.xcassets */ = {isa = PBXFileReference; lastKnownFileType = folder.assetcatalog; path = Assets.xcassets; sourceTree = "<group>"; };
		7444D9C6224041BA006E1638 /* GoogleService-Info.plist */ = {isa = PBXFileReference; fileEncoding = 4; lastKnownFileType = text.plist.xml; path = "GoogleService-Info.plist"; sourceTree = "<group>"; };
		7444D9C7224041BA006E1638 /* AppDelegate.swift */ = {isa = PBXFileReference; fileEncoding = 4; lastKnownFileType = sourcecode.swift; path = AppDelegate.swift; sourceTree = "<group>"; };
		7444D9C8224041BA006E1638 /* LogInRMVC.swift */ = {isa = PBXFileReference; fileEncoding = 4; lastKnownFileType = sourcecode.swift; path = LogInRMVC.swift; sourceTree = "<group>"; };
		7444D9C9224041BA006E1638 /* RegisterRMVCViewController.swift */ = {isa = PBXFileReference; fileEncoding = 4; lastKnownFileType = sourcecode.swift; path = RegisterRMVCViewController.swift; sourceTree = "<group>"; };
		7444D9CA224041BB006E1638 /* LogMessage.swift */ = {isa = PBXFileReference; fileEncoding = 4; lastKnownFileType = sourcecode.swift; path = LogMessage.swift; sourceTree = "<group>"; };
		7444D9CB224041BB006E1638 /* Info.plist */ = {isa = PBXFileReference; fileEncoding = 4; lastKnownFileType = text.plist.xml; path = Info.plist; sourceTree = "<group>"; };
		7444D9CC224041BB006E1638 /* LogOutRMVC.swift */ = {isa = PBXFileReference; fileEncoding = 4; lastKnownFileType = sourcecode.swift; path = LogOutRMVC.swift; sourceTree = "<group>"; };
		7444D9D6224044B3006E1638 /* LaunchScreen.storyboard */ = {isa = PBXFileReference; lastKnownFileType = file.storyboard; path = LaunchScreen.storyboard; sourceTree = "<group>"; };
		7444D9D7224044B6006E1638 /* Main.storyboard */ = {isa = PBXFileReference; lastKnownFileType = file.storyboard; path = Main.storyboard; sourceTree = "<group>"; };
		747D8702223E8FCA0066F56D /* Risk Management Tool.app */ = {isa = PBXFileReference; explicitFileType = wrapper.application; includeInIndex = 0; path = "Risk Management Tool.app"; sourceTree = BUILT_PRODUCTS_DIR; };
		86072A3C18DB8600134F2B85 /* Pods-Risk Management Tool.release.xcconfig */ = {isa = PBXFileReference; includeInIndex = 1; lastKnownFileType = text.xcconfig; name = "Pods-Risk Management Tool.release.xcconfig"; path = "Target Support Files/Pods-Risk Management Tool/Pods-Risk Management Tool.release.xcconfig"; sourceTree = "<group>"; };
		A037FE266418DFD96965AD18 /* Pods-Risk Management Tool.debug.xcconfig */ = {isa = PBXFileReference; includeInIndex = 1; lastKnownFileType = text.xcconfig; name = "Pods-Risk Management Tool.debug.xcconfig"; path = "Target Support Files/Pods-Risk Management Tool/Pods-Risk Management Tool.debug.xcconfig"; sourceTree = "<group>"; };
/* End PBXFileReference section */

/* Begin PBXFrameworksBuildPhase section */
		747D86FF223E8FCA0066F56D /* Frameworks */ = {
			isa = PBXFrameworksBuildPhase;
			buildActionMask = 2147483647;
			files = (
				E09974D0EF197405D67DC69D /* Pods_Risk_Management_Tool.framework in Frameworks */,
			);
			runOnlyForDeploymentPostprocessing = 0;
		};
/* End PBXFrameworksBuildPhase section */

/* Begin PBXGroup section */
		747D86F9223E8FCA0066F56D = {
			isa = PBXGroup;
			children = (
				747D8704223E8FCA0066F56D /* Risk Management Tool */,
				747D8703223E8FCA0066F56D /* Products */,
				82F8520C4CD73F32B9697467 /* Pods */,
				BF2A572D5A75E80B773CCF42 /* Frameworks */,
			);
			sourceTree = "<group>";
		};
		747D8703223E8FCA0066F56D /* Products */ = {
			isa = PBXGroup;
			children = (
				747D8702223E8FCA0066F56D /* Risk Management Tool.app */,
			);
			name = Products;
			sourceTree = "<group>";
		};
		747D8704223E8FCA0066F56D /* Risk Management Tool */ = {
			isa = PBXGroup;
			children = (
				7444D9C7224041BA006E1638 /* AppDelegate.swift */,
				7444D9C4224041BA006E1638 /* Assets.xcassets */,
				7444D9D6224044B3006E1638 /* LaunchScreen.storyboard */,
				7444D9D7224044B6006E1638 /* Main.storyboard */,
				7444D9C6224041BA006E1638 /* GoogleService-Info.plist */,
				7444D9CB224041BB006E1638 /* Info.plist */,
				7444D9C8224041BA006E1638 /* LogInRMVC.swift */,
				7444D9CA224041BB006E1638 /* LogMessage.swift */,
				7444D9CC224041BB006E1638 /* LogOutRMVC.swift */,
				7444D9C9224041BA006E1638 /* RegisterRMVCViewController.swift */,
			);
			path = "Risk Management Tool";
			sourceTree = "<group>";
		};
		82F8520C4CD73F32B9697467 /* Pods */ = {
			isa = PBXGroup;
			children = (
				A037FE266418DFD96965AD18 /* Pods-Risk Management Tool.debug.xcconfig */,
				86072A3C18DB8600134F2B85 /* Pods-Risk Management Tool.release.xcconfig */,
			);
			path = Pods;
			sourceTree = "<group>";
		};
		BF2A572D5A75E80B773CCF42 /* Frameworks */ = {
			isa = PBXGroup;
			children = (
				1338F2D2861A87E4FD6C99BC /* Pods_Risk_Management_Tool.framework */,
			);
			name = Frameworks;
			sourceTree = "<group>";
		};
/* End PBXGroup section */

/* Begin PBXNativeTarget section */
		747D8701223E8FCA0066F56D /* Risk Management Tool */ = {
			isa = PBXNativeTarget;
			buildConfigurationList = 747D8714223E8FCC0066F56D /* Build configuration list for PBXNativeTarget "Risk Management Tool" */;
			buildPhases = (
				8F1BBC0F334D5E2F3604772A /* [CP] Check Pods Manifest.lock */,
				747D86FE223E8FCA0066F56D /* Sources */,
				747D86FF223E8FCA0066F56D /* Frameworks */,
				747D8700223E8FCA0066F56D /* Resources */,
				003AF1CA4D2AD344C2E92FDE /* [CP] Embed Pods Frameworks */,
			);
			buildRules = (
			);
			dependencies = (
			);
			name = "Risk Management Tool";
			productName = "Risk Management Tool";
			productReference = 747D8702223E8FCA0066F56D /* Risk Management Tool.app */;
			productType = "com.apple.product-type.application";
		};
/* End PBXNativeTarget section */

/* Begin PBXProject section */
		747D86FA223E8FCA0066F56D /* Project object */ = {
			isa = PBXProject;
			attributes = {
				LastSwiftUpdateCheck = 1010;
				LastUpgradeCheck = 1010;
				ORGANIZATIONNAME = Nikitinho;
				TargetAttributes = {
					747D8701223E8FCA0066F56D = {
						CreatedOnToolsVersion = 10.1;
						LastSwiftMigration = 1010;
					};
				};
			};
			buildConfigurationList = 747D86FD223E8FCA0066F56D /* Build configuration list for PBXProject "Risk Management Tool" */;
			compatibilityVersion = "Xcode 9.3";
			developmentRegion = en;
			hasScannedForEncodings = 0;
			knownRegions = (
				en,
				Base,
			);
			mainGroup = 747D86F9223E8FCA0066F56D;
			productRefGroup = 747D8703223E8FCA0066F56D /* Products */;
			projectDirPath = "";
			projectRoot = "";
			targets = (
				747D8701223E8FCA0066F56D /* Risk Management Tool */,
			);
		};
/* End PBXProject section */

/* Begin PBXResourcesBuildPhase section */
		747D8700223E8FCA0066F56D /* Resources */ = {
			isa = PBXResourcesBuildPhase;
			buildActionMask = 2147483647;
			files = (
				7444D9D4224041BB006E1638 /* Info.plist in Resources */,
				7444D9CD224041BB006E1638 /* Assets.xcassets in Resources */,
				7444D9CF224041BB006E1638 /* GoogleService-Info.plist in Resources */,
				7444D9D922404529006E1638 /* LaunchScreen.storyboard in Resources */,
				7444D9D822404522006E1638 /* Main.storyboard in Resources */,
			);
			runOnlyForDeploymentPostprocessing = 0;
		};
/* End PBXResourcesBuildPhase section */

/* Begin PBXShellScriptBuildPhase section */
		003AF1CA4D2AD344C2E92FDE /* [CP] Embed Pods Frameworks */ = {
			isa = PBXShellScriptBuildPhase;
			buildActionMask = 2147483647;
			files = (
			);
			inputFileListPaths = (
			);
			inputPaths = (
				"${PODS_ROOT}/Target Support Files/Pods-Risk Management Tool/Pods-Risk Management Tool-frameworks.sh",
				"${BUILT_PRODUCTS_DIR}/GTMSessionFetcher/GTMSessionFetcher.framework",
				"${BUILT_PRODUCTS_DIR}/GoogleToolboxForMac/GoogleToolboxForMac.framework",
			);
			name = "[CP] Embed Pods Frameworks";
			outputFileListPaths = (
			);
			outputPaths = (
				"${TARGET_BUILD_DIR}/${FRAMEWORKS_FOLDER_PATH}/GTMSessionFetcher.framework",
				"${TARGET_BUILD_DIR}/${FRAMEWORKS_FOLDER_PATH}/GoogleToolboxForMac.framework",
			);
			runOnlyForDeploymentPostprocessing = 0;
			shellPath = /bin/sh;
			shellScript = "\"${PODS_ROOT}/Target Support Files/Pods-Risk Management Tool/Pods-Risk Management Tool-frameworks.sh\"\n";
			showEnvVarsInLog = 0;
		};
		8F1BBC0F334D5E2F3604772A /* [CP] Check Pods Manifest.lock */ = {
			isa = PBXShellScriptBuildPhase;
			buildActionMask = 2147483647;
			files = (
			);
			inputFileListPaths = (
			);
			inputPaths = (
				"${PODS_PODFILE_DIR_PATH}/Podfile.lock",
				"${PODS_ROOT}/Manifest.lock",
			);
			name = "[CP] Check Pods Manifest.lock";
			outputFileListPaths = (
			);
			outputPaths = (
				"$(DERIVED_FILE_DIR)/Pods-Risk Management Tool-checkManifestLockResult.txt",
			);
			runOnlyForDeploymentPostprocessing = 0;
			shellPath = /bin/sh;
			shellScript = "diff \"${PODS_PODFILE_DIR_PATH}/Podfile.lock\" \"${PODS_ROOT}/Manifest.lock\" > /dev/null\nif [ $? != 0 ] ; then\n    # print error to STDERR\n    echo \"error: The sandbox is not in sync with the Podfile.lock. Run 'pod install' or update your CocoaPods installation.\" >&2\n    exit 1\nfi\n# This output is used by Xcode 'outputs' to avoid re-running this script phase.\necho \"SUCCESS\" > \"${SCRIPT_OUTPUT_FILE_0}\"\n";
			showEnvVarsInLog = 0;
		};
/* End PBXShellScriptBuildPhase section */

/* Begin PBXSourcesBuildPhase section */
		747D86FE223E8FCA0066F56D /* Sources */ = {
			isa = PBXSourcesBuildPhase;
			buildActionMask = 2147483647;
			files = (
				7444D9D5224041BB006E1638 /* LogOutRMVC.swift in Sources */,
				7444D9D0224041BB006E1638 /* AppDelegate.swift in Sources */,
				7444D9D2224041BB006E1638 /* RegisterRMVCViewController.swift in Sources */,
				7444D9D3224041BB006E1638 /* LogMessage.swift in Sources */,
				7444D9D1224041BB006E1638 /* LogInRMVC.swift in Sources */,
			);
			runOnlyForDeploymentPostprocessing = 0;
		};
/* End PBXSourcesBuildPhase section */

/* Begin XCBuildConfiguration section */
		747D8712223E8FCC0066F56D /* Debug */ = {
			isa = XCBuildConfiguration;
			buildSettings = {
				ALWAYS_SEARCH_USER_PATHS = NO;
				CLANG_ANALYZER_NONNULL = YES;
				CLANG_ANALYZER_NUMBER_OBJECT_CONVERSION = YES_AGGRESSIVE;
				CLANG_CXX_LANGUAGE_STANDARD = "gnu++14";
				CLANG_CXX_LIBRARY = "libc++";
				CLANG_ENABLE_MODULES = YES;
				CLANG_ENABLE_OBJC_ARC = YES;
				CLANG_ENABLE_OBJC_WEAK = YES;
				CLANG_WARN_BLOCK_CAPTURE_AUTORELEASING = YES;
				CLANG_WARN_BOOL_CONVERSION = YES;
				CLANG_WARN_COMMA = YES;
				CLANG_WARN_CONSTANT_CONVERSION = YES;
				CLANG_WARN_DEPRECATED_OBJC_IMPLEMENTATIONS = YES;
				CLANG_WARN_DIRECT_OBJC_ISA_USAGE = YES_ERROR;
				CLANG_WARN_DOCUMENTATION_COMMENTS = YES;
				CLANG_WARN_EMPTY_BODY = YES;
				CLANG_WARN_ENUM_CONVERSION = YES;
				CLANG_WARN_INFINITE_RECURSION = YES;
				CLANG_WARN_INT_CONVERSION = YES;
				CLANG_WARN_NON_LITERAL_NULL_CONVERSION = YES;
				CLANG_WARN_OBJC_IMPLICIT_RETAIN_SELF = YES;
				CLANG_WARN_OBJC_LITERAL_CONVERSION = YES;
				CLANG_WARN_OBJC_ROOT_CLASS = YES_ERROR;
				CLANG_WARN_RANGE_LOOP_ANALYSIS = YES;
				CLANG_WARN_STRICT_PROTOTYPES = YES;
				CLANG_WARN_SUSPICIOUS_MOVE = YES;
				CLANG_WARN_UNGUARDED_AVAILABILITY = YES_AGGRESSIVE;
				CLANG_WARN_UNREACHABLE_CODE = YES;
				CLANG_WARN__DUPLICATE_METHOD_MATCH = YES;
				CODE_SIGN_IDENTITY = "iPhone Developer";
				COPY_PHASE_STRIP = NO;
				DEBUG_INFORMATION_FORMAT = dwarf;
				ENABLE_STRICT_OBJC_MSGSEND = YES;
				ENABLE_TESTABILITY = YES;
				GCC_C_LANGUAGE_STANDARD = gnu11;
				GCC_DYNAMIC_NO_PIC = NO;
				GCC_NO_COMMON_BLOCKS = YES;
				GCC_OPTIMIZATION_LEVEL = 0;
				GCC_PREPROCESSOR_DEFINITIONS = (
					"DEBUG=1",
					"$(inherited)",
				);
				GCC_WARN_64_TO_32_BIT_CONVERSION = YES;
				GCC_WARN_ABOUT_RETURN_TYPE = YES_ERROR;
				GCC_WARN_UNDECLARED_SELECTOR = YES;
				GCC_WARN_UNINITIALIZED_AUTOS = YES_AGGRESSIVE;
				GCC_WARN_UNUSED_FUNCTION = YES;
				GCC_WARN_UNUSED_VARIABLE = YES;
				IPHONEOS_DEPLOYMENT_TARGET = 12.1;
				MTL_ENABLE_DEBUG_INFO = INCLUDE_SOURCE;
				MTL_FAST_MATH = YES;
				ONLY_ACTIVE_ARCH = YES;
				SDKROOT = iphoneos;
				SWIFT_ACTIVE_COMPILATION_CONDITIONS = DEBUG;
				SWIFT_OPTIMIZATION_LEVEL = "-Onone";
			};
			name = Debug;
		};
		747D8713223E8FCC0066F56D /* Release */ = {
			isa = XCBuildConfiguration;
			buildSettings = {
				ALWAYS_SEARCH_USER_PATHS = NO;
				CLANG_ANALYZER_NONNULL = YES;
				CLANG_ANALYZER_NUMBER_OBJECT_CONVERSION = YES_AGGRESSIVE;
				CLANG_CXX_LANGUAGE_STANDARD = "gnu++14";
				CLANG_CXX_LIBRARY = "libc++";
				CLANG_ENABLE_MODULES = YES;
				CLANG_ENABLE_OBJC_ARC = YES;
				CLANG_ENABLE_OBJC_WEAK = YES;
				CLANG_WARN_BLOCK_CAPTURE_AUTORELEASING = YES;
				CLANG_WARN_BOOL_CONVERSION = YES;
				CLANG_WARN_COMMA = YES;
				CLANG_WARN_CONSTANT_CONVERSION = YES;
				CLANG_WARN_DEPRECATED_OBJC_IMPLEMENTATIONS = YES;
				CLANG_WARN_DIRECT_OBJC_ISA_USAGE = YES_ERROR;
				CLANG_WARN_DOCUMENTATION_COMMENTS = YES;
				CLANG_WARN_EMPTY_BODY = YES;
				CLANG_WARN_ENUM_CONVERSION = YES;
				CLANG_WARN_INFINITE_RECURSION = YES;
				CLANG_WARN_INT_CONVERSION = YES;
				CLANG_WARN_NON_LITERAL_NULL_CONVERSION = YES;
				CLANG_WARN_OBJC_IMPLICIT_RETAIN_SELF = YES;
				CLANG_WARN_OBJC_LITERAL_CONVERSION = YES;
				CLANG_WARN_OBJC_ROOT_CLASS = YES_ERROR;
				CLANG_WARN_RANGE_LOOP_ANALYSIS = YES;
				CLANG_WARN_STRICT_PROTOTYPES = YES;
				CLANG_WARN_SUSPICIOUS_MOVE = YES;
				CLANG_WARN_UNGUARDED_AVAILABILITY = YES_AGGRESSIVE;
				CLANG_WARN_UNREACHABLE_CODE = YES;
				CLANG_WARN__DUPLICATE_METHOD_MATCH = YES;
				CODE_SIGN_IDENTITY = "iPhone Developer";
				COPY_PHASE_STRIP = NO;
				DEBUG_INFORMATION_FORMAT = "dwarf-with-dsym";
				ENABLE_NS_ASSERTIONS = NO;
				ENABLE_STRICT_OBJC_MSGSEND = YES;
				GCC_C_LANGUAGE_STANDARD = gnu11;
				GCC_NO_COMMON_BLOCKS = YES;
				GCC_WARN_64_TO_32_BIT_CONVERSION = YES;
				GCC_WARN_ABOUT_RETURN_TYPE = YES_ERROR;
				GCC_WARN_UNDECLARED_SELECTOR = YES;
				GCC_WARN_UNINITIALIZED_AUTOS = YES_AGGRESSIVE;
				GCC_WARN_UNUSED_FUNCTION = YES;
				GCC_WARN_UNUSED_VARIABLE = YES;
				IPHONEOS_DEPLOYMENT_TARGET = 12.1;
				MTL_ENABLE_DEBUG_INFO = NO;
				MTL_FAST_MATH = YES;
				SDKROOT = iphoneos;
				SWIFT_COMPILATION_MODE = wholemodule;
				SWIFT_OPTIMIZATION_LEVEL = "-O";
				VALIDATE_PRODUCT = YES;
			};
			name = Release;
		};
		747D8715223E8FCC0066F56D /* Debug */ = {
			isa = XCBuildConfiguration;
			baseConfigurationReference = A037FE266418DFD96965AD18 /* Pods-Risk Management Tool.debug.xcconfig */;
			buildSettings = {
				ASSETCATALOG_COMPILER_APPICON_NAME = AppIcon;
				CLANG_ENABLE_MODULES = YES;
				CODE_SIGN_STYLE = Automatic;
				DEVELOPMENT_TEAM = 9ZV35Z5ER7;
				INFOPLIST_FILE = "Risk Management Tool/Info.plist";
				LD_RUNPATH_SEARCH_PATHS = (
					"$(inherited)",
					"@executable_path/Frameworks",
				);
				PRODUCT_BUNDLE_IDENTIFIER = "com.Risk-Management-Tool";
				PRODUCT_NAME = "$(TARGET_NAME)";
				SWIFT_OPTIMIZATION_LEVEL = "-Onone";
				SWIFT_VERSION = 4.2;
				TARGETED_DEVICE_FAMILY = "1,2";
			};
			name = Debug;
		};
		747D8716223E8FCC0066F56D /* Release */ = {
			isa = XCBuildConfiguration;
			baseConfigurationReference = 86072A3C18DB8600134F2B85 /* Pods-Risk Management Tool.release.xcconfig */;
			buildSettings = {
				ASSETCATALOG_COMPILER_APPICON_NAME = AppIcon;
				CLANG_ENABLE_MODULES = YES;
				CODE_SIGN_STYLE = Automatic;
				DEVELOPMENT_TEAM = 9ZV35Z5ER7;
				INFOPLIST_FILE = "Risk Management Tool/Info.plist";
				LD_RUNPATH_SEARCH_PATHS = (
					"$(inherited)",
					"@executable_path/Frameworks",
				);
				PRODUCT_BUNDLE_IDENTIFIER = "com.Risk-Management-Tool";
				PRODUCT_NAME = "$(TARGET_NAME)";
				SWIFT_VERSION = 4.2;
				TARGETED_DEVICE_FAMILY = "1,2";
			};
			name = Release;
		};
/* End XCBuildConfiguration section */

/* Begin XCConfigurationList section */
		747D86FD223E8FCA0066F56D /* Build configuration list for PBXProject "Risk Management Tool" */ = {
			isa = XCConfigurationList;
			buildConfigurations = (
				747D8712223E8FCC0066F56D /* Debug */,
				747D8713223E8FCC0066F56D /* Release */,
			);
			defaultConfigurationIsVisible = 0;
			defaultConfigurationName = Release;
		};
		747D8714223E8FCC0066F56D /* Build configuration list for PBXNativeTarget "Risk Management Tool" */ = {
			isa = XCConfigurationList;
			buildConfigurations = (
				747D8715223E8FCC0066F56D /* Debug */,
				747D8716223E8FCC0066F56D /* Release */,
			);
			defaultConfigurationIsVisible = 0;
			defaultConfigurationName = Release;
		};
/* End XCConfigurationList section */
	};
	rootObject = 747D86FA223E8FCA0066F56D /* Project object */;
}
